
Microsoft Visual Studio Solution File, Format Version 9.00
# Visual Studio 2005
Project("{8BC9CEB8-8B4A-11D0-8D11-00A0C91BC942}") = "_ClientTest", "SensatronicsSDK\_ClientTest\_ClientTest.vcproj", "{EE7AFBBC-36D7-4443-9F44-15EF9EABFFF6}"
	ProjectSection(ProjectDependencies) = postProject
		{7460A109-5A53-4B19-8C5F-0F18989B3078} = {7460A109-5A53-4B19-8C5F-0F18989B3078}
		{68D0B991-5BC1-4A88-B1AB-2E398E585913} = {68D0B991-5BC1-4A88-B1AB-2E398E585913}
		{EB5BAD9D-AC9E-4C19-A0D5-398837A90FF9} = {EB5BAD9D-AC9E-4C19-A0D5-398837A90FF9}
		{A4CF3B9E-1ECA-4109-83AE-0708427EBBCA} = {A4CF3B9E-1ECA-4109-83AE-0708427EBBCA}
		{85A3AFAA-C039-432B-BEDB-04166714FB0D} = {85A3AFAA-C039-432B-BEDB-04166714FB0D}
		{9798FCC9-6E94-4FF7-8B3D-99B9944A6803} = {9798FCC9-6E94-4FF7-8B3D-99B9944A6803}
		{CEA43CD9-72FF-4C40-AD49-7FBAA3E58D99} = {CEA43CD9-72FF-4C40-AD49-7FBAA3E58D99}
	EndProjectSection
EndProject
Project("{8BC9CEB8-8B4A-11D0-8D11-00A0C91BC942}") = "SerialCOMLibrary", "Libs\SerialCOMLibrary\SerialCOMLibrary.vcproj", "{7460A109-5A53-4B19-8C5F-0F18989B3078}"
EndProject
Project("{8BC9CEB8-8B4A-11D0-8D11-00A0C91BC942}") = "HotSpotServerProxyLibrary", "Client\HotSpotServerProxyLib\HotSpotServerProxyLib.vcproj", "{EB5BAD9D-AC9E-4C19-A0D5-398837A90FF9}"
	ProjectSection(ProjectDependencies) = postProject
		{7460A109-5A53-4B19-8C5F-0F18989B3078} = {7460A109-5A53-4B19-8C5F-0F18989B3078}
		{A4CF3B9E-1ECA-4109-83AE-0708427EBBCA} = {A4CF3B9E-1ECA-4109-83AE-0708427EBBCA}
		{85A3AFAA-C039-432B-BEDB-04166714FB0D} = {85A3AFAA-C039-432B-BEDB-04166714FB0D}
		{9798FCC9-6E94-4FF7-8B3D-99B9944A6803} = {9798FCC9-6E94-4FF7-8B3D-99B9944A6803}
		{CEA43CD9-72FF-4C40-AD49-7FBAA3E58D99} = {CEA43CD9-72FF-4C40-AD49-7FBAA3E58D99}
	EndProjectSection
EndProject
Project("{8BC9CEB8-8B4A-11D0-8D11-00A0C91BC942}") = "HSSProxyLibUnitTester", "Client\HotSpotUnitTesterGui\HotSpotUnitTesterGui.vcproj", "{68D0B991-5BC1-4A88-B1AB-2E398E585913}"
	ProjectSection(ProjectDependencies) = postProject
		{7460A109-5A53-4B19-8C5F-0F18989B3078} = {7460A109-5A53-4B19-8C5F-0F18989B3078}
		{EB5BAD9D-AC9E-4C19-A0D5-398837A90FF9} = {EB5BAD9D-AC9E-4C19-A0D5-398837A90FF9}
		{A4CF3B9E-1ECA-4109-83AE-0708427EBBCA} = {A4CF3B9E-1ECA-4109-83AE-0708427EBBCA}
		{85A3AFAA-C039-432B-BEDB-04166714FB0D} = {85A3AFAA-C039-432B-BEDB-04166714FB0D}
		{9798FCC9-6E94-4FF7-8B3D-99B9944A6803} = {9798FCC9-6E94-4FF7-8B3D-99B9944A6803}
		{CEA43CD9-72FF-4C40-AD49-7FBAA3E58D99} = {CEA43CD9-72FF-4C40-AD49-7FBAA3E58D99}
	EndProjectSection
EndProject
Project("{8BC9CEB8-8B4A-11D0-8D11-00A0C91BC942}") = "MockSensors", "SensatronicsSDK\MockSensors\MockSensors.vcproj", "{9798FCC9-6E94-4FF7-8B3D-99B9944A6803}"
	ProjectSection(ProjectDependencies) = postProject
		{7460A109-5A53-4B19-8C5F-0F18989B3078} = {7460A109-5A53-4B19-8C5F-0F18989B3078}
	EndProjectSection
EndProject
Project("{8BC9CEB8-8B4A-11D0-8D11-00A0C91BC942}") = "MockSensorsPS", "SensatronicsSDK\MockSensors\MockSensorsPS.vcproj", "{A4CF3B9E-1ECA-4109-83AE-0708427EBBCA}"
	ProjectSection(ProjectDependencies) = postProject
		{7460A109-5A53-4B19-8C5F-0F18989B3078} = {7460A109-5A53-4B19-8C5F-0F18989B3078}
		{9798FCC9-6E94-4FF7-8B3D-99B9944A6803} = {9798FCC9-6E94-4FF7-8B3D-99B9944A6803}
	EndProjectSection
EndProject
Project("{8BC9CEB8-8B4A-11D0-8D11-00A0C91BC942}") = "SensatronicsSDK", "SensatronicsSDK\SensatronicsSDK\SensatronicsSDK.vcproj", "{CEA43CD9-72FF-4C40-AD49-7FBAA3E58D99}"
	ProjectSection(ProjectDependencies) = postProject
		{7460A109-5A53-4B19-8C5F-0F18989B3078} = {7460A109-5A53-4B19-8C5F-0F18989B3078}
		{A4CF3B9E-1ECA-4109-83AE-0708427EBBCA} = {A4CF3B9E-1ECA-4109-83AE-0708427EBBCA}
		{9798FCC9-6E94-4FF7-8B3D-99B9944A6803} = {9798FCC9-6E94-4FF7-8B3D-99B9944A6803}
	EndProjectSection
EndProject
Project("{8BC9CEB8-8B4A-11D0-8D11-00A0C91BC942}") = "SensatronicsSDKPS", "SensatronicsSDK\SensatronicsSDK\SensatronicsSDKPS.vcproj", "{85A3AFAA-C039-432B-BEDB-04166714FB0D}"
	ProjectSection(ProjectDependencies) = postProject
		{CEA43CD9-72FF-4C40-AD49-7FBAA3E58D99} = {CEA43CD9-72FF-4C40-AD49-7FBAA3E58D99}
		{9798FCC9-6E94-4FF7-8B3D-99B9944A6803} = {9798FCC9-6E94-4FF7-8B3D-99B9944A6803}
		{A4CF3B9E-1ECA-4109-83AE-0708427EBBCA} = {A4CF3B9E-1ECA-4109-83AE-0708427EBBCA}
		{7460A109-5A53-4B19-8C5F-0F18989B3078} = {7460A109-5A53-4B19-8C5F-0F18989B3078}
	EndProjectSection
EndProject
Project("{8BC9CEB8-8B4A-11D0-8D11-00A0C91BC942}") = "SensatronicsSample_MFC", "Samples\SensatronicsSample_MFC\SensatronicsSample_MFC\SensatronicsSample_MFC.vcproj", "{838A0AB5-F9B2-4572-BD5B-52792C8168A5}"
	ProjectSection(ProjectDependencies) = postProject
		{CEA43CD9-72FF-4C40-AD49-7FBAA3E58D99} = {CEA43CD9-72FF-4C40-AD49-7FBAA3E58D99}
	EndProjectSection
EndProject
Project("{54435603-DBB4-11D2-8724-00A0C9A8B90C}") = "SensatronicsSDKSetup", "Install\SensatronicsSDKSetup\SensatronicsSDKSetup.vdproj", "{4AE3B432-CF85-4954-8A0B-7B955AD8A61E}"
	ProjectSection(ProjectDependencies) = postProject
		{7460A109-5A53-4B19-8C5F-0F18989B3078} = {7460A109-5A53-4B19-8C5F-0F18989B3078}
		{68D0B991-5BC1-4A88-B1AB-2E398E585913} = {68D0B991-5BC1-4A88-B1AB-2E398E585913}
		{EB5BAD9D-AC9E-4C19-A0D5-398837A90FF9} = {EB5BAD9D-AC9E-4C19-A0D5-398837A90FF9}
		{A4CF3B9E-1ECA-4109-83AE-0708427EBBCA} = {A4CF3B9E-1ECA-4109-83AE-0708427EBBCA}
		{85A3AFAA-C039-432B-BEDB-04166714FB0D} = {85A3AFAA-C039-432B-BEDB-04166714FB0D}
		{EE7AFBBC-36D7-4443-9F44-15EF9EABFFF6} = {EE7AFBBC-36D7-4443-9F44-15EF9EABFFF6}
		{9798FCC9-6E94-4FF7-8B3D-99B9944A6803} = {9798FCC9-6E94-4FF7-8B3D-99B9944A6803}
	EndProjectSection
EndProject
Global
	GlobalSection(SolutionConfigurationPlatforms) = preSolution
		Debug|Win32 = Debug|Win32
		Release|Win32 = Release|Win32
		ReleaseStatic|Win32 = ReleaseStatic|Win32
	EndGlobalSection
	GlobalSection(ProjectConfigurationPlatforms) = postSolution
		{EE7AFBBC-36D7-4443-9F44-15EF9EABFFF6}.Debug|Win32.ActiveCfg = Debug|Win32
		{EE7AFBBC-36D7-4443-9F44-15EF9EABFFF6}.Release|Win32.ActiveCfg = Release|Win32
		{EE7AFBBC-36D7-4443-9F44-15EF9EABFFF6}.ReleaseStatic|Win32.ActiveCfg = ReleaseStatic|Win32
		{7460A109-5A53-4B19-8C5F-0F18989B3078}.Debug|Win32.ActiveCfg = Debug|Win32
		{7460A109-5A53-4B19-8C5F-0F18989B3078}.Release|Win32.ActiveCfg = Release|Win32
		{7460A109-5A53-4B19-8C5F-0F18989B3078}.ReleaseStatic|Win32.ActiveCfg = ReleaseStatic|Win32
		{EB5BAD9D-AC9E-4C19-A0D5-398837A90FF9}.Debug|Win32.ActiveCfg = Debug|Win32
		{EB5BAD9D-AC9E-4C19-A0D5-398837A90FF9}.Release|Win32.ActiveCfg = Release|Win32
		{EB5BAD9D-AC9E-4C19-A0D5-398837A90FF9}.ReleaseStatic|Win32.ActiveCfg = ReleaseStatic|Win32
		{68D0B991-5BC1-4A88-B1AB-2E398E585913}.Debug|Win32.ActiveCfg = Debug|Win32
		{68D0B991-5BC1-4A88-B1AB-2E398E585913}.Release|Win32.ActiveCfg = Release|Win32
		{68D0B991-5BC1-4A88-B1AB-2E398E585913}.ReleaseStatic|Win32.ActiveCfg = ReleaseStatic|Win32
		{9798FCC9-6E94-4FF7-8B3D-99B9944A6803}.Debug|Win32.ActiveCfg = Debug|Win32
		{9798FCC9-6E94-4FF7-8B3D-99B9944A6803}.Release|Win32.ActiveCfg = Release|Win32
		{9798FCC9-6E94-4FF7-8B3D-99B9944A6803}.ReleaseStatic|Win32.ActiveCfg = ReleaseStatic|Win32
		{A4CF3B9E-1ECA-4109-83AE-0708427EBBCA}.Debug|Win32.ActiveCfg = Debug|Win32
		{A4CF3B9E-1ECA-4109-83AE-0708427EBBCA}.Release|Win32.ActiveCfg = Release|Win32
		{A4CF3B9E-1ECA-4109-83AE-0708427EBBCA}.ReleaseStatic|Win32.ActiveCfg = ReleaseStatic|Win32
		{CEA43CD9-72FF-4C40-AD49-7FBAA3E58D99}.Debug|Win32.ActiveCfg = Debug|Win32
		{CEA43CD9-72FF-4C40-AD49-7FBAA3E58D99}.Debug|Win32.Build.0 = Debug|Win32
		{CEA43CD9-72FF-4C40-AD49-7FBAA3E58D99}.Release|Win32.ActiveCfg = Release|Win32
		{CEA43CD9-72FF-4C40-AD49-7FBAA3E58D99}.Release|Win32.Build.0 = Release|Win32
		{CEA43CD9-72FF-4C40-AD49-7FBAA3E58D99}.ReleaseStatic|Win32.ActiveCfg = ReleaseStatic|Win32
		{CEA43CD9-72FF-4C40-AD49-7FBAA3E58D99}.ReleaseStatic|Win32.Build.0 = ReleaseStatic|Win32
		{85A3AFAA-C039-432B-BEDB-04166714FB0D}.Debug|Win32.ActiveCfg = Debug|Win32
		{85A3AFAA-C039-432B-BEDB-04166714FB0D}.Debug|Win32.Build.0 = Debug|Win32
		{85A3AFAA-C039-432B-BEDB-04166714FB0D}.Release|Win32.ActiveCfg = Release|Win32
		{85A3AFAA-C039-432B-BEDB-04166714FB0D}.Release|Win32.Build.0 = Release|Win32
		{85A3AFAA-C039-432B-BEDB-04166714FB0D}.ReleaseStatic|Win32.ActiveCfg = ReleaseStatic|Win32
		{85A3AFAA-C039-432B-BEDB-04166714FB0D}.ReleaseStatic|Win32.Build.0 = ReleaseStatic|Win32
		{838A0AB5-F9B2-4572-BD5B-52792C8168A5}.Debug|Win32.ActiveCfg = Debug|Win32
		{838A0AB5-F9B2-4572-BD5B-52792C8168A5}.Release|Win32.ActiveCfg = Release|Win32
		{838A0AB5-F9B2-4572-BD5B-52792C8168A5}.ReleaseStatic|Win32.ActiveCfg = ReleaseStatic|Win32
		{4AE3B432-CF85-4954-8A0B-7B955AD8A61E}.Debug|Win32.ActiveCfg = Debug
		{4AE3B432-CF85-4954-8A0B-7B955AD8A61E}.Debug|Win32.Build.0 = Debug
		{4AE3B432-CF85-4954-8A0B-7B955AD8A61E}.Release|Win32.ActiveCfg = Release
		{4AE3B432-CF85-4954-8A0B-7B955AD8A61E}.Release|Win32.Build.0 = Release
		{4AE3B432-CF85-4954-8A0B-7B955AD8A61E}.ReleaseStatic|Win32.ActiveCfg = ReleaseStatic
		{4AE3B432-CF85-4954-8A0B-7B955AD8A61E}.ReleaseStatic|Win32.Build.0 = ReleaseStatic
	EndGlobalSection
	GlobalSection(SolutionProperties) = preSolution
		HideSolutionNode = FALSE
	EndGlobalSection
EndGlobal
